
Microsoft Visual Studio Solution File, Format Version 12.00
# Visual Studio Version 16
VisualStudioVersion = 16.0.29215.179
MinimumVisualStudioVersion = 10.0.40219.1
Project("{FAE04EC0-301F-11D3-BF4B-00C04F79EFBC}") = "VehicleCarTruck", "VehicleCarTruck\VehicleCarTruck.csproj", "{2C078E98-B241-425F-868F-745E1718656A}"
EndProject
Project("{FAE04EC0-301F-11D3-BF4B-00C04F79EFBC}") = "VehicleCarTruckLibrary", "VehicleCarTruckLibrary\VehicleCarTruckLibrary.csproj", "{5A15079C-F306-41F1-B1B5-DDF0CFD8E648}"
EndProject
Global
	GlobalSection(SolutionConfigurationPlatforms) = preSolution
		Debug|Any CPU = Debug|Any CPU
		Release|Any CPU = Release|Any CPU
	EndGlobalSection
	GlobalSection(ProjectConfigurationPlatforms) = postSolution
		{2C078E98-B241-425F-868F-745E1718656A}.Debug|Any CPU.ActiveCfg = Debug|Any CPU
		{2C078E98-B241-425F-868F-745E1718656A}.Debug|Any CPU.Build.0 = Debug|Any CPU
		{2C078E98-B241-425F-868F-745E1718656A}.Release|Any CPU.ActiveCfg = Release|Any CPU
		{2C078E98-B241-425F-868F-745E1718656A}.Release|Any CPU.Build.0 = Release|Any CPU
		{5A15079C-F306-41F1-B1B5-DDF0CFD8E648}.Debug|Any CPU.ActiveCfg = Debug|Any CPU
		{5A15079C-F306-41F1-B1B5-DDF0CFD8E648}.Debug|Any CPU.Build.0 = Debug|Any CPU
		{5A15079C-F306-41F1-B1B5-DDF0CFD8E648}.Release|Any CPU.ActiveCfg = Release|Any CPU
		{5A15079C-F306-41F1-B1B5-DDF0CFD8E648}.Release|Any CPU.Build.0 = Release|Any CPU
	EndGlobalSection
	GlobalSection(SolutionProperties) = preSolution
		HideSolutionNode = FALSE
	EndGlobalSection
	GlobalSection(ExtensibilityGlobals) = postSolution
		SolutionGuid = {40F921B9-DD55-42D7-8AEF-FF93390601CE}
	EndGlobalSection
EndGlobal
